
Microsoft Visual Studio Solution File, Format Version 10.00
# Visual C++ Express 2008
Project("{8BC9CEB8-8B4A-11D0-8D11-00A0C91BC942}") = "JayFramework", "JayFramework.vcproj", "{DD1106A0-31CA-43E8-BC05-068F982E5BF5}"
EndProject
Global
	GlobalSection(SolutionConfigurationPlatforms) = preSolution
		Debug|Win32 = Debug|Win32
		Release|Win32 = Release|Win32
	EndGlobalSection
	GlobalSection(ProjectConfigurationPlatforms) = postSolution
		{DD1106A0-31CA-43E8-BC05-068F982E5BF5}.Debug|Win32.ActiveCfg = Debug|Win32
		{DD1106A0-31CA-43E8-BC05-068F982E5BF5}.Debug|Win32.Build.0 = Debug|Win32
		{DD1106A0-31CA-43E8-BC05-068F982E5BF5}.Release|Win32.ActiveCfg = Release|Win32
		{DD1106A0-31CA-43E8-BC05-068F982E5BF5}.Release|Win32.Build.0 = Release|Win32
	EndGlobalSection
	GlobalSection(SolutionProperties) = preSolution
		HideSolutionNode = FALSE
	EndGlobalSection
EndGlobal
